
Microsoft Visual Studio Solution File, Format Version 12.00
# Visual Studio Version 16
VisualStudioVersion = 16.0.30413.136
MinimumVisualStudioVersion = 10.0.40219.1
Project("{FAE04EC0-301F-11D3-BF4B-00C04F79EFBC}") = "Cs2GenLinqToXml.Gui", "Cs2GenLinqToXml.Gui\Cs2GenLinqToXml.Gui.csproj", "{B01DD1F5-579A-4FAA-8635-1A464568A84A}"
EndProject
Project("{FAE04EC0-301F-11D3-BF4B-00C04F79EFBC}") = "Cs2GenLinqToXmlLib", "Cs2GenLinqToXmlLib\Cs2GenLinqToXmlLib.csproj", "{789A2632-991F-4C75-B6B1-DD1B546B9CDA}"
EndProject
Project("{54435603-DBB4-11D2-8724-00A0C9A8B90C}") = "Cs2GenLinqToXmlSetup", "Cs2GenLinqToXmlSetup\Cs2GenLinqToXmlSetup.vdproj", "{62334251-EA5D-4E17-9154-C0E891136EA1}"
EndProject
Global
	GlobalSection(SolutionConfigurationPlatforms) = preSolution
		Debug|Any CPU = Debug|Any CPU
		Release|Any CPU = Release|Any CPU
	EndGlobalSection
	GlobalSection(ProjectConfigurationPlatforms) = postSolution
		{B01DD1F5-579A-4FAA-8635-1A464568A84A}.Debug|Any CPU.ActiveCfg = Debug|Any CPU
		{B01DD1F5-579A-4FAA-8635-1A464568A84A}.Debug|Any CPU.Build.0 = Debug|Any CPU
		{B01DD1F5-579A-4FAA-8635-1A464568A84A}.Release|Any CPU.ActiveCfg = Release|Any CPU
		{B01DD1F5-579A-4FAA-8635-1A464568A84A}.Release|Any CPU.Build.0 = Release|Any CPU
		{789A2632-991F-4C75-B6B1-DD1B546B9CDA}.Debug|Any CPU.ActiveCfg = Debug|Any CPU
		{789A2632-991F-4C75-B6B1-DD1B546B9CDA}.Debug|Any CPU.Build.0 = Debug|Any CPU
		{789A2632-991F-4C75-B6B1-DD1B546B9CDA}.Release|Any CPU.ActiveCfg = Release|Any CPU
		{789A2632-991F-4C75-B6B1-DD1B546B9CDA}.Release|Any CPU.Build.0 = Release|Any CPU
		{62334251-EA5D-4E17-9154-C0E891136EA1}.Debug|Any CPU.ActiveCfg = Debug
		{62334251-EA5D-4E17-9154-C0E891136EA1}.Release|Any CPU.ActiveCfg = Release
	EndGlobalSection
	GlobalSection(SolutionProperties) = preSolution
		HideSolutionNode = FALSE
	EndGlobalSection
	GlobalSection(ExtensibilityGlobals) = postSolution
		SolutionGuid = {E82BA75D-BEB3-488B-9810-37F91D6DE490}
	EndGlobalSection
EndGlobal
